
Microsoft Visual Studio Solution File, Format Version 12.00
# Visual Studio Version 17
VisualStudioVersion = 17.4.33213.308
MinimumVisualStudioVersion = 10.0.40219.1
Project("{2150E333-8FDC-42A3-9474-1A3956D46DE8}") = "Services", "Services", "{1BD2BB90-F4F1-4B39-A44B-0C983B262CD4}"
EndProject
Project("{2150E333-8FDC-42A3-9474-1A3956D46DE8}") = "WebApps", "WebApps", "{569FA9C8-A711-4472-9399-8B74340F6719}"
EndProject
Project("{2150E333-8FDC-42A3-9474-1A3956D46DE8}") = "Lancamento", "Lancamento", "{52443EE2-06C1-4732-9C5F-432C71881C46}"
EndProject
Project("{2150E333-8FDC-42A3-9474-1A3956D46DE8}") = "Core", "Core", "{504A084B-1D54-4F08-8CB7-BE1DFE699FD7}"
EndProject
Project("{2150E333-8FDC-42A3-9474-1A3956D46DE8}") = "Conta", "Conta", "{140BB1C2-ED97-4877-B24E-CF50E408B111}"
EndProject
Project("{9A19103F-16F7-4668-BE54-9A1E7A4F7556}") = "Sample.Fluxo.Caixa.Core", "src\Sample.Fluxo.Caixa.Core\Sample.Fluxo.Caixa.Core.csproj", "{A489F7D9-3857-4711-991F-D355E5BA6A29}"
EndProject
Project("{9A19103F-16F7-4668-BE54-9A1E7A4F7556}") = "Sample.Fluxo.Caixa.PlanoContas.Domain", "src\Sample.Fluxo.Caixa.Contas.Domain\Sample.Fluxo.Caixa.PlanoContas.Domain.csproj", "{E1005C53-500F-4148-A74F-58C6BFB6776A}"
EndProject
Project("{2150E333-8FDC-42A3-9474-1A3956D46DE8}") = "Tests", "Tests", "{0921DDDB-E193-4832-BB8B-1AA91B64CA68}"
EndProject
Project("{9A19103F-16F7-4668-BE54-9A1E7A4F7556}") = "Sample.Fluxo.Caixa.PlanoContas.Tests", "tests\Sample.Fluxo.Caixa.Contas.Domain.Tests\Sample.Fluxo.Caixa.PlanoContas.Tests.csproj", "{15FF1C8A-540F-4200-8130-CF7EDEEFDC99}"
EndProject
Project("{9A19103F-16F7-4668-BE54-9A1E7A4F7556}") = "Sample.Fluxo.Caixa.PlanoContas.Data", "src\Sample.Fluxo.Caixa.Contas.Data\Sample.Fluxo.Caixa.PlanoContas.Data.csproj", "{C243B505-DD5D-4F85-9427-95FA58E4F280}"
EndProject
Project("{9A19103F-16F7-4668-BE54-9A1E7A4F7556}") = "Sample.Fluxo.Caixa.PlanoContas.Application", "src\Sample.Fluxo.Caixa.PlanoContas.Application\Sample.Fluxo.Caixa.PlanoContas.Application.csproj", "{8F3F9D4F-52C6-4A4A-A65E-418227720DB2}"
EndProject
Project("{9A19103F-16F7-4668-BE54-9A1E7A4F7556}") = "Sample.Fluxo.Caixa.Lancamento.Domain", "src\Sample.Fluxo.Caixa.Caixa.Domain\Sample.Fluxo.Caixa.Lancamento.Domain.csproj", "{7BC276C4-256B-4028-A434-E09B338B4124}"
EndProject
Project("{2150E333-8FDC-42A3-9474-1A3956D46DE8}") = "Consolidado", "Consolidado", "{0FC81F13-4F4C-4584-8D0D-DA3491906006}"
EndProject
Project("{9A19103F-16F7-4668-BE54-9A1E7A4F7556}") = "Sample.Fluxo.Caixa.Lancamento.Data", "src\Sample.Fluxo.Caixa.Lancamento.Data\Sample.Fluxo.Caixa.Lancamento.Data.csproj", "{D7222921-CB43-46D0-A055-278C76E450A2}"
EndProject
Project("{9A19103F-16F7-4668-BE54-9A1E7A4F7556}") = "Sample.Fluxo.Caixa.Lancamento.Application", "src\Sample.Fluxo.Caixa.Lancamento.Application\Sample.Fluxo.Caixa.Lancamento.Application.csproj", "{D9088719-0186-4274-9352-C35CBB6741B7}"
EndProject
Project("{9A19103F-16F7-4668-BE54-9A1E7A4F7556}") = "Sample.Fluxo.Caixa.API", "src\Sample.Fluxo.Caixa.API\Sample.Fluxo.Caixa.API.csproj", "{CF88055C-DDA0-4AB5-8E98-35B8F6CF6D42}"
EndProject
Project("{2150E333-8FDC-42A3-9474-1A3956D46DE8}") = "BuildingBlocks", "BuildingBlocks", "{14067C71-A75A-43AD-AF3D-A6805F57AF26}"
EndProject
Project("{9A19103F-16F7-4668-BE54-9A1E7A4F7556}") = "EventSourcing", "src\EventSourcing\EventSourcing.csproj", "{28F3A00D-A99F-4E1C-9299-5A88DC816EDC}"
EndProject
Project("{9A19103F-16F7-4668-BE54-9A1E7A4F7556}") = "Sample.Fluxo.Caixa.Saldo.Data", "src\Sample.Fluxo.Caixa.Saldo.Data\Sample.Fluxo.Caixa.Saldo.Data.csproj", "{2860DF25-5900-40C6-BBB8-36625ED0069F}"
EndProject
Project("{9A19103F-16F7-4668-BE54-9A1E7A4F7556}") = "Sample.Fluxo.Caixa.Saldo.Application", "src\Sample.Fluxo.Caixa.Saldo.Application\Sample.Fluxo.Caixa.Saldo.Application.csproj", "{253FEF85-13DF-4792-B3B0-6083CB3256DC}"
EndProject
Project("{9A19103F-16F7-4668-BE54-9A1E7A4F7556}") = "Sample.Fluxo.Caixa.Saldo.Domain", "src\Sample.Fluxo.Caixa.Saldo.Domain\Sample.Fluxo.Caixa.Saldo.Domain.csproj", "{2766B8E4-7E94-4A98-92B6-F689D729DF78}"
EndProject
Project("{2150E333-8FDC-42A3-9474-1A3956D46DE8}") = "Tests", "Tests", "{C44E0B5E-09B7-4F1C-AABE-3369B93568E2}"
EndProject
Project("{2150E333-8FDC-42A3-9474-1A3956D46DE8}") = "Tests", "Tests", "{C9E23349-1003-4DEF-B7BA-2A6A5EA86E26}"
EndProject
Project("{2150E333-8FDC-42A3-9474-1A3956D46DE8}") = "Solution Items", "Solution Items", "{FC5802D8-C199-4658-BA89-243B8DDBA7D7}"
	ProjectSection(SolutionItems) = preProject
		.gitignore = .gitignore
		docker-compose.yml = docker-compose.yml
		FluxoCaixa.sql = FluxoCaixa.sql
		init-basefluxocaixa.sh = init-basefluxocaixa.sh
		README.MD = README.MD
	EndProjectSection
EndProject
Project("{2150E333-8FDC-42A3-9474-1A3956D46DE8}") = "Tests", "Tests", "{0E7FF590-0BDC-455E-8CE2-C0F382B70E7D}"
EndProject
Project("{9A19103F-16F7-4668-BE54-9A1E7A4F7556}") = "EventSourcing.Tests", "tests\EventSourcing.Tests\EventSourcing.Tests.csproj", "{F0C8976C-AF77-4058-AE66-39CB3E5E2267}"
EndProject
Project("{9A19103F-16F7-4668-BE54-9A1E7A4F7556}") = "Sample.Fluxo.Caixa.Saldo.Tests", "tests\Sample.Fluxo.Caixa.Saldo.Tests\Sample.Fluxo.Caixa.Saldo.Tests.csproj", "{014D5675-B736-4B31-BD1B-A39894B15EF0}"
EndProject
Project("{9A19103F-16F7-4668-BE54-9A1E7A4F7556}") = "Sample.Fluxo.Caixa.Lancamento.Tests", "tests\Sample.Fluxo.Caixa.Lancamento.Tests\Sample.Fluxo.Caixa.Lancamento.Tests.csproj", "{5FE4C6F9-B815-4DBA-B0A8-A1CB0FC1C997}"
EndProject
Project("{2150E333-8FDC-42A3-9474-1A3956D46DE8}") = "Integration Tests", "Integration Tests", "{87B65727-5607-4C6D-94D2-595F3289E64F}"
EndProject
Project("{9A19103F-16F7-4668-BE54-9A1E7A4F7556}") = "Sample.Fluxo.Caixa.API.Tests", "tests\Sample.Fluxo.Caixa.API.Tests\Sample.Fluxo.Caixa.API.Tests.csproj", "{70206F78-EB7F-498F-A90D-892AF1C80612}"
EndProject
Global
	GlobalSection(SolutionConfigurationPlatforms) = preSolution
		Debug|Any CPU = Debug|Any CPU
		Release|Any CPU = Release|Any CPU
	EndGlobalSection
	GlobalSection(ProjectConfigurationPlatforms) = postSolution
		{A489F7D9-3857-4711-991F-D355E5BA6A29}.Debug|Any CPU.ActiveCfg = Debug|Any CPU
		{A489F7D9-3857-4711-991F-D355E5BA6A29}.Debug|Any CPU.Build.0 = Debug|Any CPU
		{A489F7D9-3857-4711-991F-D355E5BA6A29}.Release|Any CPU.ActiveCfg = Release|Any CPU
		{A489F7D9-3857-4711-991F-D355E5BA6A29}.Release|Any CPU.Build.0 = Release|Any CPU
		{E1005C53-500F-4148-A74F-58C6BFB6776A}.Debug|Any CPU.ActiveCfg = Debug|Any CPU
		{E1005C53-500F-4148-A74F-58C6BFB6776A}.Debug|Any CPU.Build.0 = Debug|Any CPU
		{E1005C53-500F-4148-A74F-58C6BFB6776A}.Release|Any CPU.ActiveCfg = Release|Any CPU
		{E1005C53-500F-4148-A74F-58C6BFB6776A}.Release|Any CPU.Build.0 = Release|Any CPU
		{15FF1C8A-540F-4200-8130-CF7EDEEFDC99}.Debug|Any CPU.ActiveCfg = Debug|Any CPU
		{15FF1C8A-540F-4200-8130-CF7EDEEFDC99}.Debug|Any CPU.Build.0 = Debug|Any CPU
		{15FF1C8A-540F-4200-8130-CF7EDEEFDC99}.Release|Any CPU.ActiveCfg = Release|Any CPU
		{15FF1C8A-540F-4200-8130-CF7EDEEFDC99}.Release|Any CPU.Build.0 = Release|Any CPU
		{C243B505-DD5D-4F85-9427-95FA58E4F280}.Debug|Any CPU.ActiveCfg = Debug|Any CPU
		{C243B505-DD5D-4F85-9427-95FA58E4F280}.Debug|Any CPU.Build.0 = Debug|Any CPU
		{C243B505-DD5D-4F85-9427-95FA58E4F280}.Release|Any CPU.ActiveCfg = Release|Any CPU
		{C243B505-DD5D-4F85-9427-95FA58E4F280}.Release|Any CPU.Build.0 = Release|Any CPU
		{8F3F9D4F-52C6-4A4A-A65E-418227720DB2}.Debug|Any CPU.ActiveCfg = Debug|Any CPU
		{8F3F9D4F-52C6-4A4A-A65E-418227720DB2}.Debug|Any CPU.Build.0 = Debug|Any CPU
		{8F3F9D4F-52C6-4A4A-A65E-418227720DB2}.Release|Any CPU.ActiveCfg = Release|Any CPU
		{8F3F9D4F-52C6-4A4A-A65E-418227720DB2}.Release|Any CPU.Build.0 = Release|Any CPU
		{7BC276C4-256B-4028-A434-E09B338B4124}.Debug|Any CPU.ActiveCfg = Debug|Any CPU
		{7BC276C4-256B-4028-A434-E09B338B4124}.Debug|Any CPU.Build.0 = Debug|Any CPU
		{7BC276C4-256B-4028-A434-E09B338B4124}.Release|Any CPU.ActiveCfg = Release|Any CPU
		{7BC276C4-256B-4028-A434-E09B338B4124}.Release|Any CPU.Build.0 = Release|Any CPU
		{D7222921-CB43-46D0-A055-278C76E450A2}.Debug|Any CPU.ActiveCfg = Debug|Any CPU
		{D7222921-CB43-46D0-A055-278C76E450A2}.Debug|Any CPU.Build.0 = Debug|Any CPU
		{D7222921-CB43-46D0-A055-278C76E450A2}.Release|Any CPU.ActiveCfg = Release|Any CPU
		{D7222921-CB43-46D0-A055-278C76E450A2}.Release|Any CPU.Build.0 = Release|Any CPU
		{D9088719-0186-4274-9352-C35CBB6741B7}.Debug|Any CPU.ActiveCfg = Debug|Any CPU
		{D9088719-0186-4274-9352-C35CBB6741B7}.Debug|Any CPU.Build.0 = Debug|Any CPU
		{D9088719-0186-4274-9352-C35CBB6741B7}.Release|Any CPU.ActiveCfg = Release|Any CPU
		{D9088719-0186-4274-9352-C35CBB6741B7}.Release|Any CPU.Build.0 = Release|Any CPU
		{CF88055C-DDA0-4AB5-8E98-35B8F6CF6D42}.Debug|Any CPU.ActiveCfg = Debug|Any CPU
		{CF88055C-DDA0-4AB5-8E98-35B8F6CF6D42}.Debug|Any CPU.Build.0 = Debug|Any CPU
		{CF88055C-DDA0-4AB5-8E98-35B8F6CF6D42}.Release|Any CPU.ActiveCfg = Release|Any CPU
		{CF88055C-DDA0-4AB5-8E98-35B8F6CF6D42}.Release|Any CPU.Build.0 = Release|Any CPU
		{28F3A00D-A99F-4E1C-9299-5A88DC816EDC}.Debug|Any CPU.ActiveCfg = Debug|Any CPU
		{28F3A00D-A99F-4E1C-9299-5A88DC816EDC}.Debug|Any CPU.Build.0 = Debug|Any CPU
		{28F3A00D-A99F-4E1C-9299-5A88DC816EDC}.Release|Any CPU.ActiveCfg = Release|Any CPU
		{28F3A00D-A99F-4E1C-9299-5A88DC816EDC}.Release|Any CPU.Build.0 = Release|Any CPU
		{2860DF25-5900-40C6-BBB8-36625ED0069F}.Debug|Any CPU.ActiveCfg = Debug|Any CPU
		{2860DF25-5900-40C6-BBB8-36625ED0069F}.Debug|Any CPU.Build.0 = Debug|Any CPU
		{2860DF25-5900-40C6-BBB8-36625ED0069F}.Release|Any CPU.ActiveCfg = Release|Any CPU
		{2860DF25-5900-40C6-BBB8-36625ED0069F}.Release|Any CPU.Build.0 = Release|Any CPU
		{253FEF85-13DF-4792-B3B0-6083CB3256DC}.Debug|Any CPU.ActiveCfg = Debug|Any CPU
		{253FEF85-13DF-4792-B3B0-6083CB3256DC}.Debug|Any CPU.Build.0 = Debug|Any CPU
		{253FEF85-13DF-4792-B3B0-6083CB3256DC}.Release|Any CPU.ActiveCfg = Release|Any CPU
		{253FEF85-13DF-4792-B3B0-6083CB3256DC}.Release|Any CPU.Build.0 = Release|Any CPU
		{2766B8E4-7E94-4A98-92B6-F689D729DF78}.Debug|Any CPU.ActiveCfg = Debug|Any CPU
		{2766B8E4-7E94-4A98-92B6-F689D729DF78}.Debug|Any CPU.Build.0 = Debug|Any CPU
		{2766B8E4-7E94-4A98-92B6-F689D729DF78}.Release|Any CPU.ActiveCfg = Release|Any CPU
		{2766B8E4-7E94-4A98-92B6-F689D729DF78}.Release|Any CPU.Build.0 = Release|Any CPU
		{F0C8976C-AF77-4058-AE66-39CB3E5E2267}.Debug|Any CPU.ActiveCfg = Debug|Any CPU
		{F0C8976C-AF77-4058-AE66-39CB3E5E2267}.Debug|Any CPU.Build.0 = Debug|Any CPU
		{F0C8976C-AF77-4058-AE66-39CB3E5E2267}.Release|Any CPU.ActiveCfg = Release|Any CPU
		{F0C8976C-AF77-4058-AE66-39CB3E5E2267}.Release|Any CPU.Build.0 = Release|Any CPU
		{014D5675-B736-4B31-BD1B-A39894B15EF0}.Debug|Any CPU.ActiveCfg = Debug|Any CPU
		{014D5675-B736-4B31-BD1B-A39894B15EF0}.Debug|Any CPU.Build.0 = Debug|Any CPU
		{014D5675-B736-4B31-BD1B-A39894B15EF0}.Release|Any CPU.ActiveCfg = Release|Any CPU
		{014D5675-B736-4B31-BD1B-A39894B15EF0}.Release|Any CPU.Build.0 = Release|Any CPU
		{5FE4C6F9-B815-4DBA-B0A8-A1CB0FC1C997}.Debug|Any CPU.ActiveCfg = Debug|Any CPU
		{5FE4C6F9-B815-4DBA-B0A8-A1CB0FC1C997}.Debug|Any CPU.Build.0 = Debug|Any CPU
		{5FE4C6F9-B815-4DBA-B0A8-A1CB0FC1C997}.Release|Any CPU.ActiveCfg = Release|Any CPU
		{5FE4C6F9-B815-4DBA-B0A8-A1CB0FC1C997}.Release|Any CPU.Build.0 = Release|Any CPU
		{70206F78-EB7F-498F-A90D-892AF1C80612}.Debug|Any CPU.ActiveCfg = Debug|Any CPU
		{70206F78-EB7F-498F-A90D-892AF1C80612}.Debug|Any CPU.Build.0 = Debug|Any CPU
		{70206F78-EB7F-498F-A90D-892AF1C80612}.Release|Any CPU.ActiveCfg = Release|Any CPU
		{70206F78-EB7F-498F-A90D-892AF1C80612}.Release|Any CPU.Build.0 = Release|Any CPU
	EndGlobalSection
	GlobalSection(SolutionProperties) = preSolution
		HideSolutionNode = FALSE
	EndGlobalSection
	GlobalSection(NestedProjects) = preSolution
		{52443EE2-06C1-4732-9C5F-432C71881C46} = {1BD2BB90-F4F1-4B39-A44B-0C983B262CD4}
		{504A084B-1D54-4F08-8CB7-BE1DFE699FD7} = {1BD2BB90-F4F1-4B39-A44B-0C983B262CD4}
		{140BB1C2-ED97-4877-B24E-CF50E408B111} = {1BD2BB90-F4F1-4B39-A44B-0C983B262CD4}
		{A489F7D9-3857-4711-991F-D355E5BA6A29} = {504A084B-1D54-4F08-8CB7-BE1DFE699FD7}
		{E1005C53-500F-4148-A74F-58C6BFB6776A} = {140BB1C2-ED97-4877-B24E-CF50E408B111}
		{0921DDDB-E193-4832-BB8B-1AA91B64CA68} = {140BB1C2-ED97-4877-B24E-CF50E408B111}
		{15FF1C8A-540F-4200-8130-CF7EDEEFDC99} = {0921DDDB-E193-4832-BB8B-1AA91B64CA68}
		{C243B505-DD5D-4F85-9427-95FA58E4F280} = {140BB1C2-ED97-4877-B24E-CF50E408B111}
		{8F3F9D4F-52C6-4A4A-A65E-418227720DB2} = {140BB1C2-ED97-4877-B24E-CF50E408B111}
		{7BC276C4-256B-4028-A434-E09B338B4124} = {52443EE2-06C1-4732-9C5F-432C71881C46}
		{0FC81F13-4F4C-4584-8D0D-DA3491906006} = {1BD2BB90-F4F1-4B39-A44B-0C983B262CD4}
		{D7222921-CB43-46D0-A055-278C76E450A2} = {52443EE2-06C1-4732-9C5F-432C71881C46}
		{D9088719-0186-4274-9352-C35CBB6741B7} = {52443EE2-06C1-4732-9C5F-432C71881C46}
		{CF88055C-DDA0-4AB5-8E98-35B8F6CF6D42} = {569FA9C8-A711-4472-9399-8B74340F6719}
		{28F3A00D-A99F-4E1C-9299-5A88DC816EDC} = {14067C71-A75A-43AD-AF3D-A6805F57AF26}
		{2860DF25-5900-40C6-BBB8-36625ED0069F} = {0FC81F13-4F4C-4584-8D0D-DA3491906006}
		{253FEF85-13DF-4792-B3B0-6083CB3256DC} = {0FC81F13-4F4C-4584-8D0D-DA3491906006}
		{2766B8E4-7E94-4A98-92B6-F689D729DF78} = {0FC81F13-4F4C-4584-8D0D-DA3491906006}
		{C44E0B5E-09B7-4F1C-AABE-3369B93568E2} = {0FC81F13-4F4C-4584-8D0D-DA3491906006}
		{C9E23349-1003-4DEF-B7BA-2A6A5EA86E26} = {52443EE2-06C1-4732-9C5F-432C71881C46}
		{0E7FF590-0BDC-455E-8CE2-C0F382B70E7D} = {14067C71-A75A-43AD-AF3D-A6805F57AF26}
		{F0C8976C-AF77-4058-AE66-39CB3E5E2267} = {0E7FF590-0BDC-455E-8CE2-C0F382B70E7D}
		{014D5675-B736-4B31-BD1B-A39894B15EF0} = {C44E0B5E-09B7-4F1C-AABE-3369B93568E2}
		{5FE4C6F9-B815-4DBA-B0A8-A1CB0FC1C997} = {C9E23349-1003-4DEF-B7BA-2A6A5EA86E26}
		{87B65727-5607-4C6D-94D2-595F3289E64F} = {569FA9C8-A711-4472-9399-8B74340F6719}
		{70206F78-EB7F-498F-A90D-892AF1C80612} = {87B65727-5607-4C6D-94D2-595F3289E64F}
	EndGlobalSection
	GlobalSection(ExtensibilityGlobals) = postSolution
		SolutionGuid = {545EB955-FBC2-4BD3-8597-01B493F174A0}
	EndGlobalSection
EndGlobal
